// !$*UTF8*$!
{
	archiveVersion = 1;
	classes = {
	};
	objectVersion = 77;
	objects = {

/* Begin PBXBuildFile section */
		475378532D4E5E0A001C1878 /* README.md in Resources */ = {isa = PBXBuildFile; fileRef = 475378522D4E5E0A001C1878 /* README.md */; };
/* End PBXBuildFile section */

/* Begin PBXContainerItemProxy section */
		476D6B0B2D4DDDD700077AB9 /* PBXContainerItemProxy */ = {
			isa = PBXContainerItemProxy;
			containerPortal = 476D6AF22D4DDDD400077AB9 /* Project object */;
			proxyType = 1;
			remoteGlobalIDString = 476D6AF92D4DDDD400077AB9;
			remoteInfo = BiteWallet;
		};
		476D6B152D4DDDD700077AB9 /* PBXContainerItemProxy */ = {
			isa = PBXContainerItemProxy;
			containerPortal = 476D6AF22D4DDDD400077AB9 /* Project object */;
			proxyType = 1;
			remoteGlobalIDString = 476D6AF92D4DDDD400077AB9;
			remoteInfo = BiteWallet;
		};
/* End PBXContainerItemProxy section */

/* Begin PBXFileReference section */
		475378522D4E5E0A001C1878 /* README.md */ = {isa = PBXFileReference; lastKnownFileType = net.daringfireball.markdown; path = README.md; sourceTree = "<group>"; };
		476D6AFA2D4DDDD400077AB9 /* BiteWallet.app */ = {isa = PBXFileReference; explicitFileType = wrapper.application; includeInIndex = 0; path = BiteWallet.app; sourceTree = BUILT_PRODUCTS_DIR; };
		476D6B0A2D4DDDD700077AB9 /* BiteWalletTests.xctest */ = {isa = PBXFileReference; explicitFileType = wrapper.cfbundle; includeInIndex = 0; path = BiteWalletTests.xctest; sourceTree = BUILT_PRODUCTS_DIR; };
		476D6B142D4DDDD700077AB9 /* BiteWalletUITests.xctest */ = {isa = PBXFileReference; explicitFileType = wrapper.cfbundle; includeInIndex = 0; path = BiteWalletUITests.xctest; sourceTree = BUILT_PRODUCTS_DIR; };
/* End PBXFileReference section */

/* Begin PBXFileSystemSynchronizedBuildFileExceptionSet section */
		4753768E2D4DF0BB001C1878 /* Exceptions for "BiteWallet" folder in "BiteWalletTests" target */ = {
			isa = PBXFileSystemSynchronizedBuildFileExceptionSet;
			membershipExceptions = (
				"Font/Urbanist-SemiBold.ttf",
				"Font/WantedSans-Bold.ttf",
				"Font/WantedSans-Medium.ttf",
				"Font/WantedSans-Regular.ttf",
				"Font/WantedSans-SemiBold.ttf",
			);
			target = 476D6B092D4DDDD700077AB9 /* BiteWalletTests */;
		};
		4753768F2D4DF0BB001C1878 /* Exceptions for "BiteWallet" folder in "BiteWalletUITests" target */ = {
			isa = PBXFileSystemSynchronizedBuildFileExceptionSet;
			membershipExceptions = (
				"Font/Urbanist-SemiBold.ttf",
				"Font/WantedSans-Bold.ttf",
				"Font/WantedSans-Medium.ttf",
				"Font/WantedSans-Regular.ttf",
				"Font/WantedSans-SemiBold.ttf",
			);
			target = 476D6B132D4DDDD700077AB9 /* BiteWalletUITests */;
		};
		475376A32D4DF2C5001C1878 /* Exceptions for "BiteWallet" folder in "BiteWallet" target */ = {
			isa = PBXFileSystemSynchronizedBuildFileExceptionSet;
			membershipExceptions = (
				Info.plist,
			);
			target = 476D6AF92D4DDDD400077AB9 /* BiteWallet */;
		};
/* End PBXFileSystemSynchronizedBuildFileExceptionSet section */

/* Begin PBXFileSystemSynchronizedRootGroup section */
		475378512D4E5E0A001C1878 /* asset */ = {
			isa = PBXFileSystemSynchronizedRootGroup;
			path = asset;
			sourceTree = "<group>";
		};
		476D6AFC2D4DDDD400077AB9 /* BiteWallet */ = {
			isa = PBXFileSystemSynchronizedRootGroup;
			exceptions = (
				475376A32D4DF2C5001C1878 /* Exceptions for "BiteWallet" folder in "BiteWallet" target */,
				4753768E2D4DF0BB001C1878 /* Exceptions for "BiteWallet" folder in "BiteWalletTests" target */,
				4753768F2D4DF0BB001C1878 /* Exceptions for "BiteWallet" folder in "BiteWalletUITests" target */,
			);
			path = BiteWallet;
			sourceTree = "<group>";
		};
		476D6B0D2D4DDDD700077AB9 /* BiteWalletTests */ = {
			isa = PBXFileSystemSynchronizedRootGroup;
			path = BiteWalletTests;
			sourceTree = "<group>";
		};
		476D6B172D4DDDD700077AB9 /* BiteWalletUITests */ = {
			isa = PBXFileSystemSynchronizedRootGroup;
			path = BiteWalletUITests;
			sourceTree = "<group>";
		};
/* End PBXFileSystemSynchronizedRootGroup section */

/* Begin PBXFrameworksBuildPhase section */
		476D6AF72D4DDDD400077AB9 /* Frameworks */ = {
			isa = PBXFrameworksBuildPhase;
			buildActionMask = 2147483647;
			files = (
			);
			runOnlyForDeploymentPostprocessing = 0;
		};
		476D6B072D4DDDD700077AB9 /* Frameworks */ = {
			isa = PBXFrameworksBuildPhase;
			buildActionMask = 2147483647;
			files = (
			);
			runOnlyForDeploymentPostprocessing = 0;
		};
		476D6B112D4DDDD700077AB9 /* Frameworks */ = {
			isa = PBXFrameworksBuildPhase;
			buildActionMask = 2147483647;
			files = (
			);
			runOnlyForDeploymentPostprocessing = 0;
		};
/* End PBXFrameworksBuildPhase section */

/* Begin PBXGroup section */
		476D6AF12D4DDDD400077AB9 = {
			isa = PBXGroup;
			children = (
				475378512D4E5E0A001C1878 /* asset */,
				475378522D4E5E0A001C1878 /* README.md */,
				476D6AFC2D4DDDD400077AB9 /* BiteWallet */,
				476D6B0D2D4DDDD700077AB9 /* BiteWalletTests */,
				476D6B172D4DDDD700077AB9 /* BiteWalletUITests */,
				476D6AFB2D4DDDD400077AB9 /* Products */,
			);
			sourceTree = "<group>";
		};
		476D6AFB2D4DDDD400077AB9 /* Products */ = {
			isa = PBXGroup;
			children = (
				476D6AFA2D4DDDD400077AB9 /* BiteWallet.app */,
				476D6B0A2D4DDDD700077AB9 /* BiteWalletTests.xctest */,
				476D6B142D4DDDD700077AB9 /* BiteWalletUITests.xctest */,
			);
			name = Products;
			sourceTree = "<group>";
		};
/* End PBXGroup section */

/* Begin PBXNativeTarget section */
		476D6AF92D4DDDD400077AB9 /* BiteWallet */ = {
			isa = PBXNativeTarget;
			buildConfigurationList = 476D6B1E2D4DDDD700077AB9 /* Build configuration list for PBXNativeTarget "BiteWallet" */;
			buildPhases = (
				476D6AF62D4DDDD400077AB9 /* Sources */,
				476D6AF72D4DDDD400077AB9 /* Frameworks */,
				476D6AF82D4DDDD400077AB9 /* Resources */,
			);
			buildRules = (
			);
			dependencies = (
			);
			fileSystemSynchronizedGroups = (
				475378512D4E5E0A001C1878 /* asset */,
				476D6AFC2D4DDDD400077AB9 /* BiteWallet */,
			);
			name = BiteWallet;
			packageProductDependencies = (
			);
			productName = BiteWallet;
			productReference = 476D6AFA2D4DDDD400077AB9 /* BiteWallet.app */;
			productType = "com.apple.product-type.application";
		};
		476D6B092D4DDDD700077AB9 /* BiteWalletTests */ = {
			isa = PBXNativeTarget;
			buildConfigurationList = 476D6B212D4DDDD700077AB9 /* Build configuration list for PBXNativeTarget "BiteWalletTests" */;
			buildPhases = (
				476D6B062D4DDDD700077AB9 /* Sources */,
				476D6B072D4DDDD700077AB9 /* Frameworks */,
				476D6B082D4DDDD700077AB9 /* Resources */,
			);
			buildRules = (
			);
			dependencies = (
				476D6B0C2D4DDDD700077AB9 /* PBXTargetDependency */,
			);
			fileSystemSynchronizedGroups = (
				476D6B0D2D4DDDD700077AB9 /* BiteWalletTests */,
			);
			name = BiteWalletTests;
			packageProductDependencies = (
			);
			productName = BiteWalletTests;
			productReference = 476D6B0A2D4DDDD700077AB9 /* BiteWalletTests.xctest */;
			productType = "com.apple.product-type.bundle.unit-test";
		};
		476D6B132D4DDDD700077AB9 /* BiteWalletUITests */ = {
			isa = PBXNativeTarget;
			buildConfigurationList = 476D6B242D4DDDD700077AB9 /* Build configuration list for PBXNativeTarget "BiteWalletUITests" */;
			buildPhases = (
				476D6B102D4DDDD700077AB9 /* Sources */,
				476D6B112D4DDDD700077AB9 /* Frameworks */,
				476D6B122D4DDDD700077AB9 /* Resources */,
			);
			buildRules = (
			);
			dependencies = (
				476D6B162D4DDDD700077AB9 /* PBXTargetDependency */,
			);
			fileSystemSynchronizedGroups = (
				476D6B172D4DDDD700077AB9 /* BiteWalletUITests */,
			);
			name = BiteWalletUITests;
			packageProductDependencies = (
			);
			productName = BiteWalletUITests;
			productReference = 476D6B142D4DDDD700077AB9 /* BiteWalletUITests.xctest */;
			productType = "com.apple.product-type.bundle.ui-testing";
		};
/* End PBXNativeTarget section */

/* Begin PBXProject section */
		476D6AF22D4DDDD400077AB9 /* Project object */ = {
			isa = PBXProject;
			attributes = {
				BuildIndependentTargetsInParallel = 1;
				LastSwiftUpdateCheck = 1610;
				LastUpgradeCheck = 1610;
				TargetAttributes = {
					476D6AF92D4DDDD400077AB9 = {
						CreatedOnToolsVersion = 16.1;
					};
					476D6B092D4DDDD700077AB9 = {
						CreatedOnToolsVersion = 16.1;
						TestTargetID = 476D6AF92D4DDDD400077AB9;
					};
					476D6B132D4DDDD700077AB9 = {
						CreatedOnToolsVersion = 16.1;
						TestTargetID = 476D6AF92D4DDDD400077AB9;
					};
				};
			};
			buildConfigurationList = 476D6AF52D4DDDD400077AB9 /* Build configuration list for PBXProject "BiteWallet" */;
			developmentRegion = en;
			hasScannedForEncodings = 0;
			knownRegions = (
				en,
				Base,
			);
			mainGroup = 476D6AF12D4DDDD400077AB9;
			minimizedProjectReferenceProxies = 1;
			preferredProjectObjectVersion = 77;
			productRefGroup = 476D6AFB2D4DDDD400077AB9 /* Products */;
			projectDirPath = "";
			projectRoot = "";
			targets = (
				476D6AF92D4DDDD400077AB9 /* BiteWallet */,
				476D6B092D4DDDD700077AB9 /* BiteWalletTests */,
				476D6B132D4DDDD700077AB9 /* BiteWalletUITests */,
			);
		};
/* End PBXProject section */

/* Begin PBXResourcesBuildPhase section */
		476D6AF82D4DDDD400077AB9 /* Resources */ = {
			isa = PBXResourcesBuildPhase;
			buildActionMask = 2147483647;
			files = (
				475378532D4E5E0A001C1878 /* README.md in Resources */,
			);
			runOnlyForDeploymentPostprocessing = 0;
		};
		476D6B082D4DDDD700077AB9 /* Resources */ = {
			isa = PBXResourcesBuildPhase;
			buildActionMask = 2147483647;
			files = (
			);
			runOnlyForDeploymentPostprocessing = 0;
		};
		476D6B122D4DDDD700077AB9 /* Resources */ = {
			isa = PBXResourcesBuildPhase;
			buildActionMask = 2147483647;
			files = (
			);
			runOnlyForDeploymentPostprocessing = 0;
		};
/* End PBXResourcesBuildPhase section */

/* Begin PBXSourcesBuildPhase section */
		476D6AF62D4DDDD400077AB9 /* Sources */ = {
			isa = PBXSourcesBuildPhase;
			buildActionMask = 2147483647;
			files = (
			);
			runOnlyForDeploymentPostprocessing = 0;
		};
		476D6B062D4DDDD700077AB9 /* Sources */ = {
			isa = PBXSourcesBuildPhase;
			buildActionMask = 2147483647;
			files = (
			);
			runOnlyForDeploymentPostprocessing = 0;
		};
		476D6B102D4DDDD700077AB9 /* Sources */ = {
			isa = PBXSourcesBuildPhase;
			buildActionMask = 2147483647;
			files = (
			);
			runOnlyForDeploymentPostprocessing = 0;
		};
/* End PBXSourcesBuildPhase section */

/* Begin PBXTargetDependency section */
		476D6B0C2D4DDDD700077AB9 /* PBXTargetDependency */ = {
			isa = PBXTargetDependency;
			target = 476D6AF92D4DDDD400077AB9 /* BiteWallet */;
			targetProxy = 476D6B0B2D4DDDD700077AB9 /* PBXContainerItemProxy */;
		};
		476D6B162D4DDDD700077AB9 /* PBXTargetDependency */ = {
			isa = PBXTargetDependency;
			target = 476D6AF92D4DDDD400077AB9 /* BiteWallet */;
			targetProxy = 476D6B152D4DDDD700077AB9 /* PBXContainerItemProxy */;
		};
/* End PBXTargetDependency section */

/* Begin XCBuildConfiguration section */
		476D6B1C2D4DDDD700077AB9 /* Debug */ = {
			isa = XCBuildConfiguration;
			buildSettings = {
				ALWAYS_SEARCH_USER_PATHS = NO;
				ASSETCATALOG_COMPILER_GENERATE_SWIFT_ASSET_SYMBOL_EXTENSIONS = YES;
				CLANG_ANALYZER_NONNULL = YES;
				CLANG_ANALYZER_NUMBER_OBJECT_CONVERSION = YES_AGGRESSIVE;
				CLANG_CXX_LANGUAGE_STANDARD = "gnu++20";
				CLANG_ENABLE_MODULES = YES;
				CLANG_ENABLE_OBJC_ARC = YES;
				CLANG_ENABLE_OBJC_WEAK = YES;
				CLANG_WARN_BLOCK_CAPTURE_AUTORELEASING = YES;
				CLANG_WARN_BOOL_CONVERSION = YES;
				CLANG_WARN_COMMA = YES;
				CLANG_WARN_CONSTANT_CONVERSION = YES;
				CLANG_WARN_DEPRECATED_OBJC_IMPLEMENTATIONS = YES;
				CLANG_WARN_DIRECT_OBJC_ISA_USAGE = YES_ERROR;
				CLANG_WARN_DOCUMENTATION_COMMENTS = YES;
				CLANG_WARN_EMPTY_BODY = YES;
				CLANG_WARN_ENUM_CONVERSION = YES;
				CLANG_WARN_INFINITE_RECURSION = YES;
				CLANG_WARN_INT_CONVERSION = YES;
				CLANG_WARN_NON_LITERAL_NULL_CONVERSION = YES;
				CLANG_WARN_OBJC_IMPLICIT_RETAIN_SELF = YES;
				CLANG_WARN_OBJC_LITERAL_CONVERSION = YES;
				CLANG_WARN_OBJC_ROOT_CLASS = YES_ERROR;
				CLANG_WARN_QUOTED_INCLUDE_IN_FRAMEWORK_HEADER = YES;
				CLANG_WARN_RANGE_LOOP_ANALYSIS = YES;
				CLANG_WARN_STRICT_PROTOTYPES = YES;
				CLANG_WARN_SUSPICIOUS_MOVE = YES;
				CLANG_WARN_UNGUARDED_AVAILABILITY = YES_AGGRESSIVE;
				CLANG_WARN_UNREACHABLE_CODE = YES;
				CLANG_WARN__DUPLICATE_METHOD_MATCH = YES;
				COPY_PHASE_STRIP = NO;
				DEBUG_INFORMATION_FORMAT = dwarf;
				ENABLE_STRICT_OBJC_MSGSEND = YES;
				ENABLE_TESTABILITY = YES;
				ENABLE_USER_SCRIPT_SANDBOXING = YES;
				GCC_C_LANGUAGE_STANDARD = gnu17;
				GCC_DYNAMIC_NO_PIC = NO;
				GCC_NO_COMMON_BLOCKS = YES;
				GCC_OPTIMIZATION_LEVEL = 0;
				GCC_PREPROCESSOR_DEFINITIONS = (
					"DEBUG=1",
					"$(inherited)",
				);
				GCC_WARN_64_TO_32_BIT_CONVERSION = YES;
				GCC_WARN_ABOUT_RETURN_TYPE = YES_ERROR;
				GCC_WARN_UNDECLARED_SELECTOR = YES;
				GCC_WARN_UNINITIALIZED_AUTOS = YES_AGGRESSIVE;
				GCC_WARN_UNUSED_FUNCTION = YES;
				GCC_WARN_UNUSED_VARIABLE = YES;
				IPHONEOS_DEPLOYMENT_TARGET = 18.1;
				LOCALIZATION_PREFERS_STRING_CATALOGS = YES;
				MTL_ENABLE_DEBUG_INFO = INCLUDE_SOURCE;
				MTL_FAST_MATH = YES;
				ONLY_ACTIVE_ARCH = YES;
				SDKROOT = iphoneos;
				SWIFT_ACTIVE_COMPILATION_CONDITIONS = "DEBUG $(inherited)";
				SWIFT_OPTIMIZATION_LEVEL = "-Onone";
			};
			name = Debug;
		};
		476D6B1D2D4DDDD700077AB9 /* Release */ = {
			isa = XCBuildConfiguration;
			buildSettings = {
				ALWAYS_SEARCH_USER_PATHS = NO;
				ASSETCATALOG_COMPILER_GENERATE_SWIFT_ASSET_SYMBOL_EXTENSIONS = YES;
				CLANG_ANALYZER_NONNULL = YES;
				CLANG_ANALYZER_NUMBER_OBJECT_CONVERSION = YES_AGGRESSIVE;
				CLANG_CXX_LANGUAGE_STANDARD = "gnu++20";
				CLANG_ENABLE_MODULES = YES;
				CLANG_ENABLE_OBJC_ARC = YES;
				CLANG_ENABLE_OBJC_WEAK = YES;
				CLANG_WARN_BLOCK_CAPTURE_AUTORELEASING = YES;
				CLANG_WARN_BOOL_CONVERSION = YES;
				CLANG_WARN_COMMA = YES;
				CLANG_WARN_CONSTANT_CONVERSION = YES;
				CLANG_WARN_DEPRECATED_OBJC_IMPLEMENTATIONS = YES;
				CLANG_WARN_DIRECT_OBJC_ISA_USAGE = YES_ERROR;
				CLANG_WARN_DOCUMENTATION_COMMENTS = YES;
				CLANG_WARN_EMPTY_BODY = YES;
				CLANG_WARN_ENUM_CONVERSION = YES;
				CLANG_WARN_INFINITE_RECURSION = YES;
				CLANG_WARN_INT_CONVERSION = YES;
				CLANG_WARN_NON_LITERAL_NULL_CONVERSION = YES;
				CLANG_WARN_OBJC_IMPLICIT_RETAIN_SELF = YES;
				CLANG_WARN_OBJC_LITERAL_CONVERSION = YES;
				CLANG_WARN_OBJC_ROOT_CLASS = YES_ERROR;
				CLANG_WARN_QUOTED_INCLUDE_IN_FRAMEWORK_HEADER = YES;
				CLANG_WARN_RANGE_LOOP_ANALYSIS = YES;
				CLANG_WARN_STRICT_PROTOTYPES = YES;
				CLANG_WARN_SUSPICIOUS_MOVE = YES;
				CLANG_WARN_UNGUARDED_AVAILABILITY = YES_AGGRESSIVE;
				CLANG_WARN_UNREACHABLE_CODE = YES;
				CLANG_WARN__DUPLICATE_METHOD_MATCH = YES;
				COPY_PHASE_STRIP = NO;
				DEBUG_INFORMATION_FORMAT = "dwarf-with-dsym";
				ENABLE_NS_ASSERTIONS = NO;
				ENABLE_STRICT_OBJC_MSGSEND = YES;
				ENABLE_USER_SCRIPT_SANDBOXING = YES;
				GCC_C_LANGUAGE_STANDARD = gnu17;
				GCC_NO_COMMON_BLOCKS = YES;
				GCC_WARN_64_TO_32_BIT_CONVERSION = YES;
				GCC_WARN_ABOUT_RETURN_TYPE = YES_ERROR;
				GCC_WARN_UNDECLARED_SELECTOR = YES;
				GCC_WARN_UNINITIALIZED_AUTOS = YES_AGGRESSIVE;
				GCC_WARN_UNUSED_FUNCTION = YES;
				GCC_WARN_UNUSED_VARIABLE = YES;
				IPHONEOS_DEPLOYMENT_TARGET = 18.1;
				LOCALIZATION_PREFERS_STRING_CATALOGS = YES;
				MTL_ENABLE_DEBUG_INFO = NO;
				MTL_FAST_MATH = YES;
				SDKROOT = iphoneos;
				SWIFT_COMPILATION_MODE = wholemodule;
				VALIDATE_PRODUCT = YES;
			};
			name = Release;
		};
		476D6B1F2D4DDDD700077AB9 /* Debug */ = {
			isa = XCBuildConfiguration;
			buildSettings = {
				ASSETCATALOG_COMPILER_APPICON_NAME = AppIcon;
				ASSETCATALOG_COMPILER_GLOBAL_ACCENT_COLOR_NAME = AccentColor;
				CODE_SIGN_STYLE = Automatic;
				CURRENT_PROJECT_VERSION = 1;
				DEVELOPMENT_ASSET_PATHS = "\"BiteWallet/Preview Content\"";
				DEVELOPMENT_TEAM = 8QBA7VUTZ4;
				ENABLE_PREVIEWS = YES;
				GENERATE_INFOPLIST_FILE = YES;
				INFOPLIST_FILE = BiteWallet/Info.plist;
				INFOPLIST_KEY_LSApplicationCategoryType = "";
				INFOPLIST_KEY_UIApplicationSceneManifest_Generation = YES;
				INFOPLIST_KEY_UIApplicationSupportsIndirectInputEvents = YES;
				INFOPLIST_KEY_UILaunchScreen_Generation = YES;
				INFOPLIST_KEY_UISupportedInterfaceOrientations_iPad = "UIInterfaceOrientationPortrait UIInterfaceOrientationPortraitUpsideDown UIInterfaceOrientationLandscapeLeft UIInterfaceOrientationLandscapeRight";
				INFOPLIST_KEY_UISupportedInterfaceOrientations_iPhone = "UIInterfaceOrientationPortrait UIInterfaceOrientationLandscapeLeft UIInterfaceOrientationLandscapeRight";
				LD_RUNPATH_SEARCH_PATHS = (
					"$(inherited)",
					"@executable_path/Frameworks",
				);
				MARKETING_VERSION = 1.0;
				PRODUCT_BUNDLE_IDENTIFIER = com.iamfiro.BiteWallet;
				PRODUCT_NAME = "$(TARGET_NAME)";
				SWIFT_EMIT_LOC_STRINGS = YES;
				SWIFT_VERSION = 5.0;
				TARGETED_DEVICE_FAMILY = "1,2";
			};
			name = Debug;
		};
		476D6B202D4DDDD700077AB9 /* Release */ = {
			isa = XCBuildConfiguration;
			buildSettings = {
				ASSETCATALOG_COMPILER_APPICON_NAME = AppIcon;
				ASSETCATALOG_COMPILER_GLOBAL_ACCENT_COLOR_NAME = AccentColor;
				CODE_SIGN_STYLE = Automatic;
				CURRENT_PROJECT_VERSION = 1;
				DEVELOPMENT_ASSET_PATHS = "\"BiteWallet/Preview Content\"";
				DEVELOPMENT_TEAM = 8QBA7VUTZ4;
				ENABLE_PREVIEWS = YES;
				GENERATE_INFOPLIST_FILE = YES;
				INFOPLIST_FILE = BiteWallet/Info.plist;
				INFOPLIST_KEY_LSApplicationCategoryType = "";
				INFOPLIST_KEY_UIApplicationSceneManifest_Generation = YES;
				INFOPLIST_KEY_UIApplicationSupportsIndirectInputEvents = YES;
				INFOPLIST_KEY_UILaunchScreen_Generation = YES;
				INFOPLIST_KEY_UISupportedInterfaceOrientations_iPad = "UIInterfaceOrientationPortrait UIInterfaceOrientationPortraitUpsideDown UIInterfaceOrientationLandscapeLeft UIInterfaceOrientationLandscapeRight";
				INFOPLIST_KEY_UISupportedInterfaceOrientations_iPhone = "UIInterfaceOrientationPortrait UIInterfaceOrientationLandscapeLeft UIInterfaceOrientationLandscapeRight";
				LD_RUNPATH_SEARCH_PATHS = (
					"$(inherited)",
					"@executable_path/Frameworks",
				);
				MARKETING_VERSION = 1.0;
				PRODUCT_BUNDLE_IDENTIFIER = com.iamfiro.BiteWallet;
				PRODUCT_NAME = "$(TARGET_NAME)";
				SWIFT_EMIT_LOC_STRINGS = YES;
				SWIFT_VERSION = 5.0;
				TARGETED_DEVICE_FAMILY = "1,2";
			};
			name = Release;
		};
		476D6B222D4DDDD700077AB9 /* Debug */ = {
			isa = XCBuildConfiguration;
			buildSettings = {
				BUNDLE_LOADER = "$(TEST_HOST)";
				CODE_SIGN_STYLE = Automatic;
				CURRENT_PROJECT_VERSION = 1;
				DEVELOPMENT_TEAM = 8QBA7VUTZ4;
				GENERATE_INFOPLIST_FILE = YES;
				IPHONEOS_DEPLOYMENT_TARGET = 18.1;
				MARKETING_VERSION = 1.0;
				PRODUCT_BUNDLE_IDENTIFIER = com.iamfiro.BiteWalletTests;
				PRODUCT_NAME = "$(TARGET_NAME)";
				SWIFT_EMIT_LOC_STRINGS = NO;
				SWIFT_VERSION = 5.0;
				TARGETED_DEVICE_FAMILY = "1,2";
				TEST_HOST = "$(BUILT_PRODUCTS_DIR)/BiteWallet.app/$(BUNDLE_EXECUTABLE_FOLDER_PATH)/BiteWallet";
			};
			name = Debug;
		};
		476D6B232D4DDDD700077AB9 /* Release */ = {
			isa = XCBuildConfiguration;
			buildSettings = {
				BUNDLE_LOADER = "$(TEST_HOST)";
				CODE_SIGN_STYLE = Automatic;
				CURRENT_PROJECT_VERSION = 1;
				DEVELOPMENT_TEAM = 8QBA7VUTZ4;
				GENERATE_INFOPLIST_FILE = YES;
				IPHONEOS_DEPLOYMENT_TARGET = 18.1;
				MARKETING_VERSION = 1.0;
				PRODUCT_BUNDLE_IDENTIFIER = com.iamfiro.BiteWalletTests;
				PRODUCT_NAME = "$(TARGET_NAME)";
				SWIFT_EMIT_LOC_STRINGS = NO;
				SWIFT_VERSION = 5.0;
				TARGETED_DEVICE_FAMILY = "1,2";
				TEST_HOST = "$(BUILT_PRODUCTS_DIR)/BiteWallet.app/$(BUNDLE_EXECUTABLE_FOLDER_PATH)/BiteWallet";
			};
			name = Release;
		};
		476D6B252D4DDDD700077AB9 /* Debug */ = {
			isa = XCBuildConfiguration;
			buildSettings = {
				CODE_SIGN_STYLE = Automatic;
				CURRENT_PROJECT_VERSION = 1;
				DEVELOPMENT_TEAM = 8QBA7VUTZ4;
				GENERATE_INFOPLIST_FILE = YES;
				MARKETING_VERSION = 1.0;
				PRODUCT_BUNDLE_IDENTIFIER = com.iamfiro.BiteWalletUITests;
				PRODUCT_NAME = "$(TARGET_NAME)";
				SWIFT_EMIT_LOC_STRINGS = NO;
				SWIFT_VERSION = 5.0;
				TARGETED_DEVICE_FAMILY = "1,2";
				TEST_TARGET_NAME = BiteWallet;
			};
			name = Debug;
		};
		476D6B262D4DDDD700077AB9 /* Release */ = {
			isa = XCBuildConfiguration;
			buildSettings = {
				CODE_SIGN_STYLE = Automatic;
				CURRENT_PROJECT_VERSION = 1;
				DEVELOPMENT_TEAM = 8QBA7VUTZ4;
				GENERATE_INFOPLIST_FILE = YES;
				MARKETING_VERSION = 1.0;
				PRODUCT_BUNDLE_IDENTIFIER = com.iamfiro.BiteWalletUITests;
				PRODUCT_NAME = "$(TARGET_NAME)";
				SWIFT_EMIT_LOC_STRINGS = NO;
				SWIFT_VERSION = 5.0;
				TARGETED_DEVICE_FAMILY = "1,2";
				TEST_TARGET_NAME = BiteWallet;
			};
			name = Release;
		};
/* End XCBuildConfiguration section */

/* Begin XCConfigurationList section */
		476D6AF52D4DDDD400077AB9 /* Build configuration list for PBXProject "BiteWallet" */ = {
			isa = XCConfigurationList;
			buildConfigurations = (
				476D6B1C2D4DDDD700077AB9 /* Debug */,
				476D6B1D2D4DDDD700077AB9 /* Release */,
			);
			defaultConfigurationIsVisible = 0;
			defaultConfigurationName = Release;
		};
		476D6B1E2D4DDDD700077AB9 /* Build configuration list for PBXNativeTarget "BiteWallet" */ = {
			isa = XCConfigurationList;
			buildConfigurations = (
				476D6B1F2D4DDDD700077AB9 /* Debug */,
				476D6B202D4DDDD700077AB9 /* Release */,
			);
			defaultConfigurationIsVisible = 0;
			defaultConfigurationName = Release;
		};
		476D6B212D4DDDD700077AB9 /* Build configuration list for PBXNativeTarget "BiteWalletTests" */ = {
			isa = XCConfigurationList;
			buildConfigurations = (
				476D6B222D4DDDD700077AB9 /* Debug */,
				476D6B232D4DDDD700077AB9 /* Release */,
			);
			defaultConfigurationIsVisible = 0;
			defaultConfigurationName = Release;
		};
		476D6B242D4DDDD700077AB9 /* Build configuration list for PBXNativeTarget "BiteWalletUITests" */ = {
			isa = XCConfigurationList;
			buildConfigurations = (
				476D6B252D4DDDD700077AB9 /* Debug */,
				476D6B262D4DDDD700077AB9 /* Release */,
			);
			defaultConfigurationIsVisible = 0;
			defaultConfigurationName = Release;
		};
/* End XCConfigurationList section */
	};
	rootObject = 476D6AF22D4DDDD400077AB9 /* Project object */;
}
